
Microsoft Visual Studio Solution File, Format Version 12.00
# Visual Studio Version 17
VisualStudioVersion = 17.13.35825.156 d17.13
MinimumVisualStudioVersion = 10.0.40219.1
Project("{FAE04EC0-301F-11D3-BF4B-00C04F79EFBC}") = "AvaloniaLab9", "AvaloniaLab9.csproj", "{B21400CC-B16E-4972-8456-00D5ABD1F311}"
EndProject
Global
	GlobalSection(SolutionConfigurationPlatforms) = preSolution
		Debug|Any CPU = Debug|Any CPU
		Release|Any CPU = Release|Any CPU
	EndGlobalSection
	GlobalSection(ProjectConfigurationPlatforms) = postSolution
		{B21400CC-B16E-4972-8456-00D5ABD1F311}.Debug|Any CPU.ActiveCfg = Debug|Any CPU
		{B21400CC-B16E-4972-8456-00D5ABD1F311}.Debug|Any CPU.Build.0 = Debug|Any CPU
		{B21400CC-B16E-4972-8456-00D5ABD1F311}.Release|Any CPU.ActiveCfg = Release|Any CPU
		{B21400CC-B16E-4972-8456-00D5ABD1F311}.Release|Any CPU.Build.0 = Release|Any CPU
	EndGlobalSection
	GlobalSection(SolutionProperties) = preSolution
		HideSolutionNode = FALSE
	EndGlobalSection
	GlobalSection(ExtensibilityGlobals) = postSolution
		SolutionGuid = {19732EAC-7E18-4A76-8416-AE3C87839483}
	EndGlobalSection
EndGlobal
