
Microsoft Visual Studio Solution File, Format Version 12.00
# Visual Studio Version 17
VisualStudioVersion = 17.13.35825.156 d17.13
MinimumVisualStudioVersion = 10.0.40219.1
Project("{FAE04EC0-301F-11D3-BF4B-00C04F79EFBC}") = "ArkuszKalk", "ArkuszKalk.csproj", "{6B98EA81-0CFE-454F-8B72-60FB5256550C}"
EndProject
Global
	GlobalSection(SolutionConfigurationPlatforms) = preSolution
		Debug|Any CPU = Debug|Any CPU
		Release|Any CPU = Release|Any CPU
	EndGlobalSection
	GlobalSection(ProjectConfigurationPlatforms) = postSolution
		{6B98EA81-0CFE-454F-8B72-60FB5256550C}.Debug|Any CPU.ActiveCfg = Debug|Any CPU
		{6B98EA81-0CFE-454F-8B72-60FB5256550C}.Debug|Any CPU.Build.0 = Debug|Any CPU
		{6B98EA81-0CFE-454F-8B72-60FB5256550C}.Release|Any CPU.ActiveCfg = Release|Any CPU
		{6B98EA81-0CFE-454F-8B72-60FB5256550C}.Release|Any CPU.Build.0 = Release|Any CPU
	EndGlobalSection
	GlobalSection(SolutionProperties) = preSolution
		HideSolutionNode = FALSE
	EndGlobalSection
	GlobalSection(ExtensibilityGlobals) = postSolution
		SolutionGuid = {0BF5653C-C3F1-486A-B322-641B4CBAF31B}
	EndGlobalSection
EndGlobal
