
Microsoft Visual Studio Solution File, Format Version 12.00
# Visual Studio Version 17
VisualStudioVersion = 17.13.35825.156 d17.13
MinimumVisualStudioVersion = 10.0.40219.1
Project("{FAE04EC0-301F-11D3-BF4B-00C04F79EFBC}") = "ObrazMod", "ObrazMod.csproj", "{3D5303FD-2DD7-4FF8-9C0C-3D828BB8E65A}"
EndProject
Global
	GlobalSection(SolutionConfigurationPlatforms) = preSolution
		Debug|Any CPU = Debug|Any CPU
		Release|Any CPU = Release|Any CPU
	EndGlobalSection
	GlobalSection(ProjectConfigurationPlatforms) = postSolution
		{3D5303FD-2DD7-4FF8-9C0C-3D828BB8E65A}.Debug|Any CPU.ActiveCfg = Debug|Any CPU
		{3D5303FD-2DD7-4FF8-9C0C-3D828BB8E65A}.Debug|Any CPU.Build.0 = Debug|Any CPU
		{3D5303FD-2DD7-4FF8-9C0C-3D828BB8E65A}.Release|Any CPU.ActiveCfg = Release|Any CPU
		{3D5303FD-2DD7-4FF8-9C0C-3D828BB8E65A}.Release|Any CPU.Build.0 = Release|Any CPU
	EndGlobalSection
	GlobalSection(SolutionProperties) = preSolution
		HideSolutionNode = FALSE
	EndGlobalSection
	GlobalSection(ExtensibilityGlobals) = postSolution
		SolutionGuid = {608128F4-9597-4DEB-AB24-C8759EDB68C9}
	EndGlobalSection
EndGlobal
